{
  "name": "nodejs",
  "lockfileVersion": 2,
  "requires": true,
  "packages": {
    "": {
      "dependencies": {
        "next-aws-lambda": "^2.5.1-alpha.0"
      }
    },
    "node_modules/next-aws-lambda": {
      "version": "2.5.1-alpha.0",
      "resolved": "https://registry.npmjs.org/next-aws-lambda/-/next-aws-lambda-2.5.1-alpha.0.tgz",
      "integrity": "sha512-kQ7aBnG2LMbmlISvOwg6UiYX0l1yEH/bOwu5rH5BuXb99ar5nmX2LIX90LrrsYp46jlG8tkZgKGCWwiSJEWQVA=="
    }
  },
  "dependencies": {
    "next-aws-lambda": {
      "version": "2.5.1-alpha.0",
      "resolved": "https://registry.npmjs.org/next-aws-lambda/-/next-aws-lambda-2.5.1-alpha.0.tgz",
      "integrity": "sha512-kQ7aBnG2LMbmlISvOwg6UiYX0l1yEH/bOwu5rH5BuXb99ar5nmX2LIX90LrrsYp46jlG8tkZgKGCWwiSJEWQVA=="
    }
  }
}
